
Microsoft Visual Studio Solution File, Format Version 12.00
# Visual Studio Version 16
VisualStudioVersion = 16.0.29920.165
MinimumVisualStudioVersion = 10.0.40219.1
Project("{FAE04EC0-301F-11D3-BF4B-00C04F79EFBC}") = "DevMathBob", "DevMathBob\DevMathBob.csproj", "{EDDACBC2-2EDA-439E-B30B-CE01D587237C}"
EndProject
Global
	GlobalSection(SolutionConfigurationPlatforms) = preSolution
		Debug|Any CPU = Debug|Any CPU
		Release|Any CPU = Release|Any CPU
	EndGlobalSection
	GlobalSection(ProjectConfigurationPlatforms) = postSolution
		{EDDACBC2-2EDA-439E-B30B-CE01D587237C}.Debug|Any CPU.ActiveCfg = Debug|Any CPU
		{EDDACBC2-2EDA-439E-B30B-CE01D587237C}.Debug|Any CPU.Build.0 = Debug|Any CPU
		{EDDACBC2-2EDA-439E-B30B-CE01D587237C}.Release|Any CPU.ActiveCfg = Release|Any CPU
		{EDDACBC2-2EDA-439E-B30B-CE01D587237C}.Release|Any CPU.Build.0 = Release|Any CPU
	EndGlobalSection
	GlobalSection(SolutionProperties) = preSolution
		HideSolutionNode = FALSE
	EndGlobalSection
	GlobalSection(ExtensibilityGlobals) = postSolution
		SolutionGuid = {0A36782C-BA74-47B6-93BE-30363A9CFADF}
	EndGlobalSection
EndGlobal
